
Microsoft Visual Studio Solution File, Format Version 12.00
# Visual Studio 14
VisualStudioVersion = 14.0.25420.1
MinimumVisualStudioVersion = 10.0.40219.1
Project("{FAE04EC0-301F-11D3-BF4B-00C04F79EFBC}") = "SVP5", "SVP5\SVP5.csproj", "{B2C1B709-B22B-4CBC-828E-31F15C2E6713}"
EndProject
Project("{FAE04EC0-301F-11D3-BF4B-00C04F79EFBC}") = "Costos.Entidades", "Costos.Entidades\Costos.Entidades.csproj", "{5C7842E3-F23E-4566-9AB1-9FD5F1634F65}"
EndProject
Project("{FAE04EC0-301F-11D3-BF4B-00C04F79EFBC}") = "Costos.presentador", "Costos.presentador\Costos.presentador.csproj", "{E57F699C-002A-4023-B08F-D1B8287A3273}"
EndProject
Project("{FAE04EC0-301F-11D3-BF4B-00C04F79EFBC}") = "Costos.Datos", "Costos.Datos\Costos.Datos.csproj", "{9FD1D0D6-2C55-4883-83DA-7F7DFBC96048}"
EndProject
Global
	GlobalSection(SolutionConfigurationPlatforms) = preSolution
		Debug|Any CPU = Debug|Any CPU
		Release|Any CPU = Release|Any CPU
	EndGlobalSection
	GlobalSection(ProjectConfigurationPlatforms) = postSolution
		{B2C1B709-B22B-4CBC-828E-31F15C2E6713}.Debug|Any CPU.ActiveCfg = Debug|Any CPU
		{B2C1B709-B22B-4CBC-828E-31F15C2E6713}.Debug|Any CPU.Build.0 = Debug|Any CPU
		{B2C1B709-B22B-4CBC-828E-31F15C2E6713}.Release|Any CPU.ActiveCfg = Release|Any CPU
		{B2C1B709-B22B-4CBC-828E-31F15C2E6713}.Release|Any CPU.Build.0 = Release|Any CPU
		{5C7842E3-F23E-4566-9AB1-9FD5F1634F65}.Debug|Any CPU.ActiveCfg = Debug|Any CPU
		{5C7842E3-F23E-4566-9AB1-9FD5F1634F65}.Debug|Any CPU.Build.0 = Debug|Any CPU
		{5C7842E3-F23E-4566-9AB1-9FD5F1634F65}.Release|Any CPU.ActiveCfg = Release|Any CPU
		{5C7842E3-F23E-4566-9AB1-9FD5F1634F65}.Release|Any CPU.Build.0 = Release|Any CPU
		{E57F699C-002A-4023-B08F-D1B8287A3273}.Debug|Any CPU.ActiveCfg = Debug|Any CPU
		{E57F699C-002A-4023-B08F-D1B8287A3273}.Debug|Any CPU.Build.0 = Debug|Any CPU
		{E57F699C-002A-4023-B08F-D1B8287A3273}.Release|Any CPU.ActiveCfg = Release|Any CPU
		{E57F699C-002A-4023-B08F-D1B8287A3273}.Release|Any CPU.Build.0 = Release|Any CPU
		{9FD1D0D6-2C55-4883-83DA-7F7DFBC96048}.Debug|Any CPU.ActiveCfg = Debug|Any CPU
		{9FD1D0D6-2C55-4883-83DA-7F7DFBC96048}.Debug|Any CPU.Build.0 = Debug|Any CPU
		{9FD1D0D6-2C55-4883-83DA-7F7DFBC96048}.Release|Any CPU.ActiveCfg = Release|Any CPU
		{9FD1D0D6-2C55-4883-83DA-7F7DFBC96048}.Release|Any CPU.Build.0 = Release|Any CPU
	EndGlobalSection
	GlobalSection(SolutionProperties) = preSolution
		HideSolutionNode = FALSE
	EndGlobalSection
EndGlobal
